
Microsoft Visual Studio Solution File, Format Version 12.00
# Visual Studio Version 17
VisualStudioVersion = 17.3.32922.545
MinimumVisualStudioVersion = 10.0.40219.1
Project("{FAE04EC0-301F-11D3-BF4B-00C04F79EFBC}") = "LanchesMac", "LanchesMac\LanchesMac.csproj", "{6447F513-4CEE-4F81-9828-1AB95DAA539B}"
EndProject
Global
	GlobalSection(SolutionConfigurationPlatforms) = preSolution
		Debug|Any CPU = Debug|Any CPU
		Release|Any CPU = Release|Any CPU
	EndGlobalSection
	GlobalSection(ProjectConfigurationPlatforms) = postSolution
		{6447F513-4CEE-4F81-9828-1AB95DAA539B}.Debug|Any CPU.ActiveCfg = Debug|Any CPU
		{6447F513-4CEE-4F81-9828-1AB95DAA539B}.Debug|Any CPU.Build.0 = Debug|Any CPU
		{6447F513-4CEE-4F81-9828-1AB95DAA539B}.Release|Any CPU.ActiveCfg = Release|Any CPU
		{6447F513-4CEE-4F81-9828-1AB95DAA539B}.Release|Any CPU.Build.0 = Release|Any CPU
	EndGlobalSection
	GlobalSection(SolutionProperties) = preSolution
		HideSolutionNode = FALSE
	EndGlobalSection
	GlobalSection(ExtensibilityGlobals) = postSolution
		SolutionGuid = {314FFD52-13F2-498C-B232-54D7664C61E0}
	EndGlobalSection
EndGlobal
